
Microsoft Visual Studio Solution File, Format Version 12.00
Project("{FAE04EC0-301F-11D3-BF4B-00C04F79EFBC}") = "VerifiedPermissions.Library", "VerifiedPermissions.Library\VerifiedPermissions.Library.csproj", "{9FB0F092-3C89-4794-BDD5-C4BE92F5C951}"
EndProject
Project("{FAE04EC0-301F-11D3-BF4B-00C04F79EFBC}") = "VerifiedPermissions.Test", "VerifiedPermissions.Test\VerifiedPermissions.Test.csproj", "{8C09A6BF-CD1A-434E-A01D-9000B4C890CC}"
EndProject
Global
	GlobalSection(SolutionConfigurationPlatforms) = preSolution
		Debug|Any CPU = Debug|Any CPU
		Release|Any CPU = Release|Any CPU
	EndGlobalSection
	GlobalSection(ProjectConfigurationPlatforms) = postSolution
		{9FB0F092-3C89-4794-BDD5-C4BE92F5C951}.Debug|Any CPU.ActiveCfg = Debug|Any CPU
		{9FB0F092-3C89-4794-BDD5-C4BE92F5C951}.Debug|Any CPU.Build.0 = Debug|Any CPU
		{9FB0F092-3C89-4794-BDD5-C4BE92F5C951}.Release|Any CPU.ActiveCfg = Release|Any CPU
		{9FB0F092-3C89-4794-BDD5-C4BE92F5C951}.Release|Any CPU.Build.0 = Release|Any CPU
		{8C09A6BF-CD1A-434E-A01D-9000B4C890CC}.Debug|Any CPU.ActiveCfg = Debug|Any CPU
		{8C09A6BF-CD1A-434E-A01D-9000B4C890CC}.Debug|Any CPU.Build.0 = Debug|Any CPU
		{8C09A6BF-CD1A-434E-A01D-9000B4C890CC}.Release|Any CPU.ActiveCfg = Release|Any CPU
		{8C09A6BF-CD1A-434E-A01D-9000B4C890CC}.Release|Any CPU.Build.0 = Release|Any CPU
	EndGlobalSection
EndGlobal
